
Microsoft Visual Studio Solution File, Format Version 12.00
# Visual Studio Version 17
VisualStudioVersion = 17.10.34928.147
MinimumVisualStudioVersion = 10.0.40219.1
Project("{FAE04EC0-301F-11D3-BF4B-00C04F79EFBC}") = "Smart-Cart", "Smart-Cart\Smart-Cart.csproj", "{D028A06B-BCB8-4EBE-A7AE-93344675E8A9}"
EndProject
Project("{FAE04EC0-301F-11D3-BF4B-00C04F79EFBC}") = "Smart-Cart-Test", "Smart-Cart-Test\Smart-Cart-Test.csproj", "{E5A02436-E391-4C25-8467-F7E2D51B6089}"
EndProject
Project("{2150E333-8FDC-42A3-9474-1A3956D46DE8}") = "Solution Items", "Solution Items", "{220BE118-0402-484A-8C47-F7DB2288FB8B}"
	ProjectSection(SolutionItems) = preProject
		README.md = README.md
	EndProjectSection
EndProject
Global
	GlobalSection(SolutionConfigurationPlatforms) = preSolution
		Debug|Any CPU = Debug|Any CPU
		Release|Any CPU = Release|Any CPU
	EndGlobalSection
	GlobalSection(ProjectConfigurationPlatforms) = postSolution
		{D028A06B-BCB8-4EBE-A7AE-93344675E8A9}.Debug|Any CPU.ActiveCfg = Debug|Any CPU
		{D028A06B-BCB8-4EBE-A7AE-93344675E8A9}.Debug|Any CPU.Build.0 = Debug|Any CPU
		{D028A06B-BCB8-4EBE-A7AE-93344675E8A9}.Release|Any CPU.ActiveCfg = Release|Any CPU
		{D028A06B-BCB8-4EBE-A7AE-93344675E8A9}.Release|Any CPU.Build.0 = Release|Any CPU
		{E5A02436-E391-4C25-8467-F7E2D51B6089}.Debug|Any CPU.ActiveCfg = Debug|Any CPU
		{E5A02436-E391-4C25-8467-F7E2D51B6089}.Debug|Any CPU.Build.0 = Debug|Any CPU
		{E5A02436-E391-4C25-8467-F7E2D51B6089}.Release|Any CPU.ActiveCfg = Release|Any CPU
		{E5A02436-E391-4C25-8467-F7E2D51B6089}.Release|Any CPU.Build.0 = Release|Any CPU
	EndGlobalSection
	GlobalSection(SolutionProperties) = preSolution
		HideSolutionNode = FALSE
	EndGlobalSection
	GlobalSection(ExtensibilityGlobals) = postSolution
		SolutionGuid = {58E0BBB2-8877-47F0-998C-61A3C843570F}
	EndGlobalSection
EndGlobal
